
Microsoft Visual Studio Solution File, Format Version 12.00
# Visual Studio 2013
VisualStudioVersion = 12.0.30324.0
MinimumVisualStudioVersion = 10.0.40219.1
Project("{FAE04EC0-301F-11D3-BF4B-00C04F79EFBC}") = "OfficeApp1", "OfficeApp1\OfficeApp1.csproj", "{EFBFBD9E-160B-4249-9EEE-7602DB5F7E4C}"
EndProject
Project("{FAE04EC0-301F-11D3-BF4B-00C04F79EFBC}") = "OfficeApp1Web", "OfficeApp1Web\OfficeApp1Web.csproj", "{9C475299-F57A-4B8E-B277-09D197CDC3BF}"
EndProject
Global
	GlobalSection(SolutionConfigurationPlatforms) = preSolution
		Debug|Any CPU = Debug|Any CPU
		Release|Any CPU = Release|Any CPU
	EndGlobalSection
	GlobalSection(ProjectConfigurationPlatforms) = postSolution
		{EFBFBD9E-160B-4249-9EEE-7602DB5F7E4C}.Debug|Any CPU.ActiveCfg = Debug|Any CPU
		{EFBFBD9E-160B-4249-9EEE-7602DB5F7E4C}.Debug|Any CPU.Build.0 = Debug|Any CPU
		{EFBFBD9E-160B-4249-9EEE-7602DB5F7E4C}.Debug|Any CPU.Deploy.0 = Debug|Any CPU
		{EFBFBD9E-160B-4249-9EEE-7602DB5F7E4C}.Release|Any CPU.ActiveCfg = Release|Any CPU
		{EFBFBD9E-160B-4249-9EEE-7602DB5F7E4C}.Release|Any CPU.Build.0 = Release|Any CPU
		{EFBFBD9E-160B-4249-9EEE-7602DB5F7E4C}.Release|Any CPU.Deploy.0 = Release|Any CPU
		{9C475299-F57A-4B8E-B277-09D197CDC3BF}.Debug|Any CPU.ActiveCfg = Debug|Any CPU
		{9C475299-F57A-4B8E-B277-09D197CDC3BF}.Debug|Any CPU.Build.0 = Debug|Any CPU
		{9C475299-F57A-4B8E-B277-09D197CDC3BF}.Release|Any CPU.ActiveCfg = Release|Any CPU
		{9C475299-F57A-4B8E-B277-09D197CDC3BF}.Release|Any CPU.Build.0 = Release|Any CPU
	EndGlobalSection
	GlobalSection(SolutionProperties) = preSolution
		HideSolutionNode = FALSE
	EndGlobalSection
EndGlobal
